
Microsoft Visual Studio Solution File, Format Version 12.00
# Visual Studio Version 16
VisualStudioVersion = 16.0.31624.102
MinimumVisualStudioVersion = 10.0.40219.1
Project("{FAE04EC0-301F-11D3-BF4B-00C04F79EFBC}") = "TheEarthInThePorthole", "TheEarthInThePorthole.csproj", "{9602D883-3A88-4FE1-94DF-277552294913}"
EndProject
Global
	GlobalSection(SolutionConfigurationPlatforms) = preSolution
		Debug|Any CPU = Debug|Any CPU
		Release|Any CPU = Release|Any CPU
	EndGlobalSection
	GlobalSection(ProjectConfigurationPlatforms) = postSolution
		{9602D883-3A88-4FE1-94DF-277552294913}.Debug|Any CPU.ActiveCfg = Debug|Any CPU
		{9602D883-3A88-4FE1-94DF-277552294913}.Debug|Any CPU.Build.0 = Debug|Any CPU
		{9602D883-3A88-4FE1-94DF-277552294913}.Release|Any CPU.ActiveCfg = Release|Any CPU
		{9602D883-3A88-4FE1-94DF-277552294913}.Release|Any CPU.Build.0 = Release|Any CPU
	EndGlobalSection
	GlobalSection(SolutionProperties) = preSolution
		HideSolutionNode = FALSE
	EndGlobalSection
	GlobalSection(ExtensibilityGlobals) = postSolution
		SolutionGuid = {754D3659-F3F2-460F-B9F1-0CBAEC076E24}
	EndGlobalSection
EndGlobal
